// !$*UTF8*$!
{
	archiveVersion = 1;
	classes = {
	};
	objectVersion = 50;
	objects = {

/* Begin PBXBuildFile section */
		5231518A2615AF2700316BD6 /* ImageCollectionViewCell.swift in Sources */ = {isa = PBXBuildFile; fileRef = 523151892615AF2700316BD6 /* ImageCollectionViewCell.swift */; };
		5231518D2615C1DE00316BD6 /* SnappingEffectOfImagesCollectionView.swift in Sources */ = {isa = PBXBuildFile; fileRef = 5231518C2615C1DE00316BD6 /* SnappingEffectOfImagesCollectionView.swift */; };
		5248EC9326063C400020E8EF /* AppDelegate.swift in Sources */ = {isa = PBXBuildFile; fileRef = 5248EC9226063C400020E8EF /* AppDelegate.swift */; };
		5248EC9526063C400020E8EF /* SceneDelegate.swift in Sources */ = {isa = PBXBuildFile; fileRef = 5248EC9426063C400020E8EF /* SceneDelegate.swift */; };
		5248EC9A26063C400020E8EF /* Main.storyboard in Resources */ = {isa = PBXBuildFile; fileRef = 5248EC9826063C400020E8EF /* Main.storyboard */; };
		5248EC9C26063C420020E8EF /* Assets.xcassets in Resources */ = {isa = PBXBuildFile; fileRef = 5248EC9B26063C420020E8EF /* Assets.xcassets */; };
		5248EC9F26063C420020E8EF /* LaunchScreen.storyboard in Resources */ = {isa = PBXBuildFile; fileRef = 5248EC9D26063C420020E8EF /* LaunchScreen.storyboard */; };
		5248ECAF260641BE0020E8EF /* MainTableViewController.swift in Sources */ = {isa = PBXBuildFile; fileRef = 5248ECAE260641BE0020E8EF /* MainTableViewController.swift */; };
		5248ECB2260642740020E8EF /* PODObject.swift in Sources */ = {isa = PBXBuildFile; fileRef = 5248ECB1260642740020E8EF /* PODObject.swift */; };
		5248ECB52606456F0020E8EF /* Requests.swift in Sources */ = {isa = PBXBuildFile; fileRef = 5248ECB42606456F0020E8EF /* Requests.swift */; };
		5248ECB8260646CF0020E8EF /* Helpers.swift in Sources */ = {isa = PBXBuildFile; fileRef = 5248ECB7260646CF0020E8EF /* Helpers.swift */; };
/* End PBXBuildFile section */

/* Begin PBXFileReference section */
		523151892615AF2700316BD6 /* ImageCollectionViewCell.swift */ = {isa = PBXFileReference; lastKnownFileType = sourcecode.swift; path = ImageCollectionViewCell.swift; sourceTree = "<group>"; };
		5231518C2615C1DE00316BD6 /* SnappingEffectOfImagesCollectionView.swift */ = {isa = PBXFileReference; lastKnownFileType = sourcecode.swift; path = SnappingEffectOfImagesCollectionView.swift; sourceTree = "<group>"; };
		5248EC8F26063C400020E8EF /* PODNasaExampleCopy.app */ = {isa = PBXFileReference; explicitFileType = wrapper.application; includeInIndex = 0; path = PODNasaExampleCopy.app; sourceTree = BUILT_PRODUCTS_DIR; };
		5248EC9226063C400020E8EF /* AppDelegate.swift */ = {isa = PBXFileReference; lastKnownFileType = sourcecode.swift; path = AppDelegate.swift; sourceTree = "<group>"; };
		5248EC9426063C400020E8EF /* SceneDelegate.swift */ = {isa = PBXFileReference; lastKnownFileType = sourcecode.swift; path = SceneDelegate.swift; sourceTree = "<group>"; };
		5248EC9926063C400020E8EF /* Base */ = {isa = PBXFileReference; lastKnownFileType = file.storyboard; name = Base; path = Base.lproj/Main.storyboard; sourceTree = "<group>"; };
		5248EC9B26063C420020E8EF /* Assets.xcassets */ = {isa = PBXFileReference; lastKnownFileType = folder.assetcatalog; path = Assets.xcassets; sourceTree = "<group>"; };
		5248EC9E26063C420020E8EF /* Base */ = {isa = PBXFileReference; lastKnownFileType = file.storyboard; name = Base; path = Base.lproj/LaunchScreen.storyboard; sourceTree = "<group>"; };
		5248ECA026063C420020E8EF /* Info.plist */ = {isa = PBXFileReference; lastKnownFileType = text.plist.xml; path = Info.plist; sourceTree = "<group>"; };
		5248ECAE260641BE0020E8EF /* MainTableViewController.swift */ = {isa = PBXFileReference; lastKnownFileType = sourcecode.swift; path = MainTableViewController.swift; sourceTree = "<group>"; };
		5248ECB1260642740020E8EF /* PODObject.swift */ = {isa = PBXFileReference; lastKnownFileType = sourcecode.swift; path = PODObject.swift; sourceTree = "<group>"; };
		5248ECB42606456F0020E8EF /* Requests.swift */ = {isa = PBXFileReference; lastKnownFileType = sourcecode.swift; path = Requests.swift; sourceTree = "<group>"; };
		5248ECB7260646CF0020E8EF /* Helpers.swift */ = {isa = PBXFileReference; lastKnownFileType = sourcecode.swift; path = Helpers.swift; sourceTree = "<group>"; };
/* End PBXFileReference section */

/* Begin PBXFrameworksBuildPhase section */
		5248EC8C26063C400020E8EF /* Frameworks */ = {
			isa = PBXFrameworksBuildPhase;
			buildActionMask = 2147483647;
			files = (
			);
			runOnlyForDeploymentPostprocessing = 0;
		};
/* End PBXFrameworksBuildPhase section */

/* Begin PBXGroup section */
		5248EC8626063C400020E8EF = {
			isa = PBXGroup;
			children = (
				5248EC9126063C400020E8EF /* PODNasaExample */,
				5248EC9026063C400020E8EF /* Products */,
			);
			sourceTree = "<group>";
		};
		5248EC9026063C400020E8EF /* Products */ = {
			isa = PBXGroup;
			children = (
				5248EC8F26063C400020E8EF /* PODNasaExampleCopy.app */,
			);
			name = Products;
			sourceTree = "<group>";
		};
		5248EC9126063C400020E8EF /* PODNasaExample */ = {
			isa = PBXGroup;
			children = (
				5248EC9226063C400020E8EF /* AppDelegate.swift */,
				5248EC9426063C400020E8EF /* SceneDelegate.swift */,
				5248EC9826063C400020E8EF /* Main.storyboard */,
				5248EC9B26063C420020E8EF /* Assets.xcassets */,
				5248EC9D26063C420020E8EF /* LaunchScreen.storyboard */,
				5248ECA026063C420020E8EF /* Info.plist */,
				5248ECAE260641BE0020E8EF /* MainTableViewController.swift */,
				5248ECB1260642740020E8EF /* PODObject.swift */,
				5248ECB42606456F0020E8EF /* Requests.swift */,
				5248ECB7260646CF0020E8EF /* Helpers.swift */,
				523151892615AF2700316BD6 /* ImageCollectionViewCell.swift */,
				5231518C2615C1DE00316BD6 /* SnappingEffectOfImagesCollectionView.swift */,
			);
			path = PODNasaExample;
			sourceTree = "<group>";
		};
/* End PBXGroup section */

/* Begin PBXNativeTarget section */
		5248EC8E26063C400020E8EF /* PODNasaExampleCopy */ = {
			isa = PBXNativeTarget;
			buildConfigurationList = 5248ECA326063C420020E8EF /* Build configuration list for PBXNativeTarget "PODNasaExampleCopy" */;
			buildPhases = (
				5248EC8B26063C400020E8EF /* Sources */,
				5248EC8C26063C400020E8EF /* Frameworks */,
				5248EC8D26063C400020E8EF /* Resources */,
			);
			buildRules = (
			);
			dependencies = (
			);
			name = PODNasaExampleCopy;
			productName = PODNasaExample;
			productReference = 5248EC8F26063C400020E8EF /* PODNasaExampleCopy.app */;
			productType = "com.apple.product-type.application";
		};
/* End PBXNativeTarget section */

/* Begin PBXProject section */
		5248EC8726063C400020E8EF /* Project object */ = {
			isa = PBXProject;
			attributes = {
				LastSwiftUpdateCheck = 1230;
				LastUpgradeCheck = 1230;
				TargetAttributes = {
					5248EC8E26063C400020E8EF = {
						CreatedOnToolsVersion = 12.3;
					};
				};
			};
			buildConfigurationList = 5248EC8A26063C400020E8EF /* Build configuration list for PBXProject "PODNasaExampleCopy" */;
			compatibilityVersion = "Xcode 9.3";
			developmentRegion = en;
			hasScannedForEncodings = 0;
			knownRegions = (
				en,
				Base,
			);
			mainGroup = 5248EC8626063C400020E8EF;
			productRefGroup = 5248EC9026063C400020E8EF /* Products */;
			projectDirPath = "";
			projectRoot = "";
			targets = (
				5248EC8E26063C400020E8EF /* PODNasaExampleCopy */,
			);
		};
/* End PBXProject section */

/* Begin PBXResourcesBuildPhase section */
		5248EC8D26063C400020E8EF /* Resources */ = {
			isa = PBXResourcesBuildPhase;
			buildActionMask = 2147483647;
			files = (
				5248EC9F26063C420020E8EF /* LaunchScreen.storyboard in Resources */,
				5248EC9C26063C420020E8EF /* Assets.xcassets in Resources */,
				5248EC9A26063C400020E8EF /* Main.storyboard in Resources */,
			);
			runOnlyForDeploymentPostprocessing = 0;
		};
/* End PBXResourcesBuildPhase section */

/* Begin PBXSourcesBuildPhase section */
		5248EC8B26063C400020E8EF /* Sources */ = {
			isa = PBXSourcesBuildPhase;
			buildActionMask = 2147483647;
			files = (
				5248ECB2260642740020E8EF /* PODObject.swift in Sources */,
				5248ECB8260646CF0020E8EF /* Helpers.swift in Sources */,
				5248EC9326063C400020E8EF /* AppDelegate.swift in Sources */,
				5231518A2615AF2700316BD6 /* ImageCollectionViewCell.swift in Sources */,
				5231518D2615C1DE00316BD6 /* SnappingEffectOfImagesCollectionView.swift in Sources */,
				5248ECAF260641BE0020E8EF /* MainTableViewController.swift in Sources */,
				5248ECB52606456F0020E8EF /* Requests.swift in Sources */,
				5248EC9526063C400020E8EF /* SceneDelegate.swift in Sources */,
			);
			runOnlyForDeploymentPostprocessing = 0;
		};
/* End PBXSourcesBuildPhase section */

/* Begin PBXVariantGroup section */
		5248EC9826063C400020E8EF /* Main.storyboard */ = {
			isa = PBXVariantGroup;
			children = (
				5248EC9926063C400020E8EF /* Base */,
			);
			name = Main.storyboard;
			sourceTree = "<group>";
		};
		5248EC9D26063C420020E8EF /* LaunchScreen.storyboard */ = {
			isa = PBXVariantGroup;
			children = (
				5248EC9E26063C420020E8EF /* Base */,
			);
			name = LaunchScreen.storyboard;
			sourceTree = "<group>";
		};
/* End PBXVariantGroup section */

/* Begin XCBuildConfiguration section */
		5248ECA126063C420020E8EF /* Debug */ = {
			isa = XCBuildConfiguration;
			buildSettings = {
				ALWAYS_SEARCH_USER_PATHS = NO;
				CLANG_ANALYZER_NONNULL = YES;
				CLANG_ANALYZER_NUMBER_OBJECT_CONVERSION = YES_AGGRESSIVE;
				CLANG_CXX_LANGUAGE_STANDARD = "gnu++14";
				CLANG_CXX_LIBRARY = "libc++";
				CLANG_ENABLE_MODULES = YES;
				CLANG_ENABLE_OBJC_ARC = YES;
				CLANG_ENABLE_OBJC_WEAK = YES;
				CLANG_WARN_BLOCK_CAPTURE_AUTORELEASING = YES;
				CLANG_WARN_BOOL_CONVERSION = YES;
				CLANG_WARN_COMMA = YES;
				CLANG_WARN_CONSTANT_CONVERSION = YES;
				CLANG_WARN_DEPRECATED_OBJC_IMPLEMENTATIONS = YES;
				CLANG_WARN_DIRECT_OBJC_ISA_USAGE = YES_ERROR;
				CLANG_WARN_DOCUMENTATION_COMMENTS = YES;
				CLANG_WARN_EMPTY_BODY = YES;
				CLANG_WARN_ENUM_CONVERSION = YES;
				CLANG_WARN_INFINITE_RECURSION = YES;
				CLANG_WARN_INT_CONVERSION = YES;
				CLANG_WARN_NON_LITERAL_NULL_CONVERSION = YES;
				CLANG_WARN_OBJC_IMPLICIT_RETAIN_SELF = YES;
				CLANG_WARN_OBJC_LITERAL_CONVERSION = YES;
				CLANG_WARN_OBJC_ROOT_CLASS = YES_ERROR;
				CLANG_WARN_QUOTED_INCLUDE_IN_FRAMEWORK_HEADER = YES;
				CLANG_WARN_RANGE_LOOP_ANALYSIS = YES;
				CLANG_WARN_STRICT_PROTOTYPES = YES;
				CLANG_WARN_SUSPICIOUS_MOVE = YES;
				CLANG_WARN_UNGUARDED_AVAILABILITY = YES_AGGRESSIVE;
				CLANG_WARN_UNREACHABLE_CODE = YES;
				CLANG_WARN__DUPLICATE_METHOD_MATCH = YES;
				COPY_PHASE_STRIP = NO;
				DEBUG_INFORMATION_FORMAT = dwarf;
				ENABLE_STRICT_OBJC_MSGSEND = YES;
				ENABLE_TESTABILITY = YES;
				GCC_C_LANGUAGE_STANDARD = gnu11;
				GCC_DYNAMIC_NO_PIC = NO;
				GCC_NO_COMMON_BLOCKS = YES;
				GCC_OPTIMIZATION_LEVEL = 0;
				GCC_PREPROCESSOR_DEFINITIONS = (
					"DEBUG=1",
					"$(inherited)",
				);
				GCC_WARN_64_TO_32_BIT_CONVERSION = YES;
				GCC_WARN_ABOUT_RETURN_TYPE = YES_ERROR;
				GCC_WARN_UNDECLARED_SELECTOR = YES;
				GCC_WARN_UNINITIALIZED_AUTOS = YES_AGGRESSIVE;
				GCC_WARN_UNUSED_FUNCTION = YES;
				GCC_WARN_UNUSED_VARIABLE = YES;
				IPHONEOS_DEPLOYMENT_TARGET = 14.3;
				MTL_ENABLE_DEBUG_INFO = INCLUDE_SOURCE;
				MTL_FAST_MATH = YES;
				ONLY_ACTIVE_ARCH = YES;
				SDKROOT = iphoneos;
				SWIFT_ACTIVE_COMPILATION_CONDITIONS = DEBUG;
				SWIFT_OPTIMIZATION_LEVEL = "-Onone";
			};
			name = Debug;
		};
		5248ECA226063C420020E8EF /* Release */ = {
			isa = XCBuildConfiguration;
			buildSettings = {
				ALWAYS_SEARCH_USER_PATHS = NO;
				CLANG_ANALYZER_NONNULL = YES;
				CLANG_ANALYZER_NUMBER_OBJECT_CONVERSION = YES_AGGRESSIVE;
				CLANG_CXX_LANGUAGE_STANDARD = "gnu++14";
				CLANG_CXX_LIBRARY = "libc++";
				CLANG_ENABLE_MODULES = YES;
				CLANG_ENABLE_OBJC_ARC = YES;
				CLANG_ENABLE_OBJC_WEAK = YES;
				CLANG_WARN_BLOCK_CAPTURE_AUTORELEASING = YES;
				CLANG_WARN_BOOL_CONVERSION = YES;
				CLANG_WARN_COMMA = YES;
				CLANG_WARN_CONSTANT_CONVERSION = YES;
				CLANG_WARN_DEPRECATED_OBJC_IMPLEMENTATIONS = YES;
				CLANG_WARN_DIRECT_OBJC_ISA_USAGE = YES_ERROR;
				CLANG_WARN_DOCUMENTATION_COMMENTS = YES;
				CLANG_WARN_EMPTY_BODY = YES;
				CLANG_WARN_ENUM_CONVERSION = YES;
				CLANG_WARN_INFINITE_RECURSION = YES;
				CLANG_WARN_INT_CONVERSION = YES;
				CLANG_WARN_NON_LITERAL_NULL_CONVERSION = YES;
				CLANG_WARN_OBJC_IMPLICIT_RETAIN_SELF = YES;
				CLANG_WARN_OBJC_LITERAL_CONVERSION = YES;
				CLANG_WARN_OBJC_ROOT_CLASS = YES_ERROR;
				CLANG_WARN_QUOTED_INCLUDE_IN_FRAMEWORK_HEADER = YES;
				CLANG_WARN_RANGE_LOOP_ANALYSIS = YES;
				CLANG_WARN_STRICT_PROTOTYPES = YES;
				CLANG_WARN_SUSPICIOUS_MOVE = YES;
				CLANG_WARN_UNGUARDED_AVAILABILITY = YES_AGGRESSIVE;
				CLANG_WARN_UNREACHABLE_CODE = YES;
				CLANG_WARN__DUPLICATE_METHOD_MATCH = YES;
				COPY_PHASE_STRIP = NO;
				DEBUG_INFORMATION_FORMAT = "dwarf-with-dsym";
				ENABLE_NS_ASSERTIONS = NO;
				ENABLE_STRICT_OBJC_MSGSEND = YES;
				GCC_C_LANGUAGE_STANDARD = gnu11;
				GCC_NO_COMMON_BLOCKS = YES;
				GCC_WARN_64_TO_32_BIT_CONVERSION = YES;
				GCC_WARN_ABOUT_RETURN_TYPE = YES_ERROR;
				GCC_WARN_UNDECLARED_SELECTOR = YES;
				GCC_WARN_UNINITIALIZED_AUTOS = YES_AGGRESSIVE;
				GCC_WARN_UNUSED_FUNCTION = YES;
				GCC_WARN_UNUSED_VARIABLE = YES;
				IPHONEOS_DEPLOYMENT_TARGET = 14.3;
				MTL_ENABLE_DEBUG_INFO = NO;
				MTL_FAST_MATH = YES;
				SDKROOT = iphoneos;
				SWIFT_COMPILATION_MODE = wholemodule;
				SWIFT_OPTIMIZATION_LEVEL = "-O";
				VALIDATE_PRODUCT = YES;
			};
			name = Release;
		};
		5248ECA426063C420020E8EF /* Debug */ = {
			isa = XCBuildConfiguration;
			buildSettings = {
				ASSETCATALOG_COMPILER_APPICON_NAME = AppIcon;
				ASSETCATALOG_COMPILER_GLOBAL_ACCENT_COLOR_NAME = AccentColor;
				CODE_SIGN_STYLE = Automatic;
				DEVELOPMENT_TEAM = 9CF2F932U3;
				INFOPLIST_FILE = PODNasaExample/Info.plist;
				LD_RUNPATH_SEARCH_PATHS = (
					"$(inherited)",
					"@executable_path/Frameworks",
				);
				PRODUCT_BUNDLE_IDENTIFIER = personalUsing.PODNasaExample;
				PRODUCT_NAME = "$(TARGET_NAME)";
				SWIFT_VERSION = 5.0;
				TARGETED_DEVICE_FAMILY = "1,2";
			};
			name = Debug;
		};
		5248ECA526063C420020E8EF /* Release */ = {
			isa = XCBuildConfiguration;
			buildSettings = {
				ASSETCATALOG_COMPILER_APPICON_NAME = AppIcon;
				ASSETCATALOG_COMPILER_GLOBAL_ACCENT_COLOR_NAME = AccentColor;
				CODE_SIGN_STYLE = Automatic;
				DEVELOPMENT_TEAM = 9CF2F932U3;
				INFOPLIST_FILE = PODNasaExample/Info.plist;
				LD_RUNPATH_SEARCH_PATHS = (
					"$(inherited)",
					"@executable_path/Frameworks",
				);
				PRODUCT_BUNDLE_IDENTIFIER = personalUsing.PODNasaExample;
				PRODUCT_NAME = "$(TARGET_NAME)";
				SWIFT_VERSION = 5.0;
				TARGETED_DEVICE_FAMILY = "1,2";
			};
			name = Release;
		};
/* End XCBuildConfiguration section */

/* Begin XCConfigurationList section */
		5248EC8A26063C400020E8EF /* Build configuration list for PBXProject "PODNasaExampleCopy" */ = {
			isa = XCConfigurationList;
			buildConfigurations = (
				5248ECA126063C420020E8EF /* Debug */,
				5248ECA226063C420020E8EF /* Release */,
			);
			defaultConfigurationIsVisible = 0;
			defaultConfigurationName = Release;
		};
		5248ECA326063C420020E8EF /* Build configuration list for PBXNativeTarget "PODNasaExampleCopy" */ = {
			isa = XCConfigurationList;
			buildConfigurations = (
				5248ECA426063C420020E8EF /* Debug */,
				5248ECA526063C420020E8EF /* Release */,
			);
			defaultConfigurationIsVisible = 0;
			defaultConfigurationName = Release;
		};
/* End XCConfigurationList section */
	};
	rootObject = 5248EC8726063C400020E8EF /* Project object */;
}
